{
  "name": "TimeTrace-NewS - 副本",
  "lockfileVersion": 3,
  "requires": true,
  "packages": {
    "": {
      "dependencies": {
        "oh-my-opencode-windows-x64": "^3.14.0"
      }
    },
    "node_modules/oh-my-opencode-windows-x64": {
      "version": "3.14.0",
      "resolved": "https://registry.npmmirror.com/oh-my-opencode-windows-x64/-/oh-my-opencode-windows-x64-3.14.0.tgz",
      "integrity": "sha512-zyBQUxPvdDxItjq+5MzMrBwrVIVW6Spssyj6CQ3U50WbFaKIbyRGqe81JBQ1h0Gb4X43fLxiUBc0f1sWD0cv/Q==",
      "cpu": [
        "x64"
      ],
      "license": "MIT",
      "os": [
        "win32"
      ],
      "bin": {
        "oh-my-opencode": "bin/oh-my-opencode.exe"
      }
    }
  }
}
